
Microsoft Visual Studio Solution File, Format Version 12.00
# Visual Studio Version 17
VisualStudioVersion = 17.0.31903.59
MinimumVisualStudioVersion = 10.0.40219.1
Project("{2150E333-8FDC-42A3-9474-1A3956D46DE8}") = "src", "src", "{346A7D06-E0EB-4D03-AD9C-AFF8EFE876D1}"
EndProject
Project("{FAE04EC0-301F-11D3-BF4B-00C04F79EFBC}") = "Backend", "src\Backend\Backend.csproj", "{ADF903F2-170D-4987-B294-A4BD524B37B2}"
EndProject
Global
	GlobalSection(SolutionConfigurationPlatforms) = preSolution
		Debug|Any CPU = Debug|Any CPU
		Release|Any CPU = Release|Any CPU
	EndGlobalSection
	GlobalSection(SolutionProperties) = preSolution
		HideSolutionNode = FALSE
	EndGlobalSection
	GlobalSection(ProjectConfigurationPlatforms) = postSolution
		{ADF903F2-170D-4987-B294-A4BD524B37B2}.Debug|Any CPU.ActiveCfg = Debug|Any CPU
		{ADF903F2-170D-4987-B294-A4BD524B37B2}.Debug|Any CPU.Build.0 = Debug|Any CPU
		{ADF903F2-170D-4987-B294-A4BD524B37B2}.Release|Any CPU.ActiveCfg = Release|Any CPU
		{ADF903F2-170D-4987-B294-A4BD524B37B2}.Release|Any CPU.Build.0 = Release|Any CPU
	EndGlobalSection
	GlobalSection(NestedProjects) = preSolution
		{ADF903F2-170D-4987-B294-A4BD524B37B2} = {346A7D06-E0EB-4D03-AD9C-AFF8EFE876D1}
	EndGlobalSection
EndGlobal
